
Microsoft Visual Studio Solution File, Format Version 12.00
# Visual Studio Version 16
VisualStudioVersion = 16.0.29609.76
MinimumVisualStudioVersion = 10.0.40219.1
Project("{FAE04EC0-301F-11D3-BF4B-00C04F79EFBC}") = "WorkShop", "WorkShop.csproj", "{E464E265-7AF7-4BAB-B0FD-3D4424C86483}"
EndProject
Global
	GlobalSection(SolutionConfigurationPlatforms) = preSolution
		Debug|Any CPU = Debug|Any CPU
		Release|Any CPU = Release|Any CPU
	EndGlobalSection
	GlobalSection(ProjectConfigurationPlatforms) = postSolution
		{E464E265-7AF7-4BAB-B0FD-3D4424C86483}.Debug|Any CPU.ActiveCfg = Debug|Any CPU
		{E464E265-7AF7-4BAB-B0FD-3D4424C86483}.Debug|Any CPU.Build.0 = Debug|Any CPU
		{E464E265-7AF7-4BAB-B0FD-3D4424C86483}.Release|Any CPU.ActiveCfg = Release|Any CPU
		{E464E265-7AF7-4BAB-B0FD-3D4424C86483}.Release|Any CPU.Build.0 = Release|Any CPU
	EndGlobalSection
	GlobalSection(SolutionProperties) = preSolution
		HideSolutionNode = FALSE
	EndGlobalSection
	GlobalSection(ExtensibilityGlobals) = postSolution
		SolutionGuid = {9CD1B93E-6DAE-43B6-8812-87C7FD4ECEDE}
	EndGlobalSection
EndGlobal
