
Microsoft Visual Studio Solution File, Format Version 12.00
# Visual Studio Version 16
VisualStudioVersion = 16.0.29709.97
MinimumVisualStudioVersion = 10.0.40219.1
Project("{FAE04EC0-301F-11D3-BF4B-00C04F79EFBC}") = "01) DivideByZero", "01) DivideByZero.csproj", "{1305D0BE-7968-4877-826B-C0166D9D0227}"
EndProject
Global
	GlobalSection(SolutionConfigurationPlatforms) = preSolution
		Debug|Any CPU = Debug|Any CPU
		Release|Any CPU = Release|Any CPU
	EndGlobalSection
	GlobalSection(ProjectConfigurationPlatforms) = postSolution
		{1305D0BE-7968-4877-826B-C0166D9D0227}.Debug|Any CPU.ActiveCfg = Debug|Any CPU
		{1305D0BE-7968-4877-826B-C0166D9D0227}.Debug|Any CPU.Build.0 = Debug|Any CPU
		{1305D0BE-7968-4877-826B-C0166D9D0227}.Release|Any CPU.ActiveCfg = Release|Any CPU
		{1305D0BE-7968-4877-826B-C0166D9D0227}.Release|Any CPU.Build.0 = Release|Any CPU
	EndGlobalSection
	GlobalSection(SolutionProperties) = preSolution
		HideSolutionNode = FALSE
	EndGlobalSection
	GlobalSection(ExtensibilityGlobals) = postSolution
		SolutionGuid = {28E0233D-4478-4662-AD0F-ED2267315C0E}
	EndGlobalSection
EndGlobal
