
Microsoft Visual Studio Solution File, Format Version 12.00
# Visual Studio Version 16
VisualStudioVersion = 16.0.29709.97
MinimumVisualStudioVersion = 10.0.40219.1
Project("{FAE04EC0-301F-11D3-BF4B-00C04F79EFBC}") = "05) Factorio", "05) Factorio.csproj", "{8C0E2AB4-CECE-43F9-8D47-091AE1FEEB6D}"
EndProject
Global
	GlobalSection(SolutionConfigurationPlatforms) = preSolution
		Debug|Any CPU = Debug|Any CPU
		Release|Any CPU = Release|Any CPU
	EndGlobalSection
	GlobalSection(ProjectConfigurationPlatforms) = postSolution
		{8C0E2AB4-CECE-43F9-8D47-091AE1FEEB6D}.Debug|Any CPU.ActiveCfg = Debug|Any CPU
		{8C0E2AB4-CECE-43F9-8D47-091AE1FEEB6D}.Debug|Any CPU.Build.0 = Debug|Any CPU
		{8C0E2AB4-CECE-43F9-8D47-091AE1FEEB6D}.Release|Any CPU.ActiveCfg = Release|Any CPU
		{8C0E2AB4-CECE-43F9-8D47-091AE1FEEB6D}.Release|Any CPU.Build.0 = Release|Any CPU
	EndGlobalSection
	GlobalSection(SolutionProperties) = preSolution
		HideSolutionNode = FALSE
	EndGlobalSection
	GlobalSection(ExtensibilityGlobals) = postSolution
		SolutionGuid = {CB20E2DA-7CEF-4820-B989-434D115C7530}
	EndGlobalSection
EndGlobal
