
Microsoft Visual Studio Solution File, Format Version 12.00
# Visual Studio Version 16
VisualStudioVersion = 16.0.29609.76
MinimumVisualStudioVersion = 10.0.40219.1
Project("{FAE04EC0-301F-11D3-BF4B-00C04F79EFBC}") = "IncrementElement", "IncrementElement.csproj", "{1AB5B8D3-7679-49FE-85D5-11A6C5582A9E}"
EndProject
Global
	GlobalSection(SolutionConfigurationPlatforms) = preSolution
		Debug|Any CPU = Debug|Any CPU
		Release|Any CPU = Release|Any CPU
	EndGlobalSection
	GlobalSection(ProjectConfigurationPlatforms) = postSolution
		{1AB5B8D3-7679-49FE-85D5-11A6C5582A9E}.Debug|Any CPU.ActiveCfg = Debug|Any CPU
		{1AB5B8D3-7679-49FE-85D5-11A6C5582A9E}.Debug|Any CPU.Build.0 = Debug|Any CPU
		{1AB5B8D3-7679-49FE-85D5-11A6C5582A9E}.Release|Any CPU.ActiveCfg = Release|Any CPU
		{1AB5B8D3-7679-49FE-85D5-11A6C5582A9E}.Release|Any CPU.Build.0 = Release|Any CPU
	EndGlobalSection
	GlobalSection(SolutionProperties) = preSolution
		HideSolutionNode = FALSE
	EndGlobalSection
	GlobalSection(ExtensibilityGlobals) = postSolution
		SolutionGuid = {800628DC-E9AF-4D9E-ACCB-13A71A130FD7}
	EndGlobalSection
EndGlobal
