
Microsoft Visual Studio Solution File, Format Version 12.00
# Visual Studio Version 16
VisualStudioVersion = 16.0.29613.14
MinimumVisualStudioVersion = 10.0.40219.1
Project("{FAE04EC0-301F-11D3-BF4B-00C04F79EFBC}") = "Multiplication-Table", "Multiplication-Table.csproj", "{27AB40C0-FD65-416A-8896-E70D9B2A21F8}"
EndProject
Global
	GlobalSection(SolutionConfigurationPlatforms) = preSolution
		Debug|Any CPU = Debug|Any CPU
		Release|Any CPU = Release|Any CPU
	EndGlobalSection
	GlobalSection(ProjectConfigurationPlatforms) = postSolution
		{27AB40C0-FD65-416A-8896-E70D9B2A21F8}.Debug|Any CPU.ActiveCfg = Debug|Any CPU
		{27AB40C0-FD65-416A-8896-E70D9B2A21F8}.Debug|Any CPU.Build.0 = Debug|Any CPU
		{27AB40C0-FD65-416A-8896-E70D9B2A21F8}.Release|Any CPU.ActiveCfg = Release|Any CPU
		{27AB40C0-FD65-416A-8896-E70D9B2A21F8}.Release|Any CPU.Build.0 = Release|Any CPU
	EndGlobalSection
	GlobalSection(SolutionProperties) = preSolution
		HideSolutionNode = FALSE
	EndGlobalSection
	GlobalSection(ExtensibilityGlobals) = postSolution
		SolutionGuid = {62CE2265-151B-4484-A014-1FD6858A14FD}
	EndGlobalSection
EndGlobal
