
Microsoft Visual Studio Solution File, Format Version 12.00
# Visual Studio Version 16
VisualStudioVersion = 16.0.29613.14
MinimumVisualStudioVersion = 10.0.40219.1
Project("{FAE04EC0-301F-11D3-BF4B-00C04F79EFBC}") = "08) FizzBuzz", "08) FizzBuzz.csproj", "{65FC3BC9-6008-4794-8CC0-595328BBD67A}"
EndProject
Global
	GlobalSection(SolutionConfigurationPlatforms) = preSolution
		Debug|Any CPU = Debug|Any CPU
		Release|Any CPU = Release|Any CPU
	EndGlobalSection
	GlobalSection(ProjectConfigurationPlatforms) = postSolution
		{65FC3BC9-6008-4794-8CC0-595328BBD67A}.Debug|Any CPU.ActiveCfg = Debug|Any CPU
		{65FC3BC9-6008-4794-8CC0-595328BBD67A}.Debug|Any CPU.Build.0 = Debug|Any CPU
		{65FC3BC9-6008-4794-8CC0-595328BBD67A}.Release|Any CPU.ActiveCfg = Release|Any CPU
		{65FC3BC9-6008-4794-8CC0-595328BBD67A}.Release|Any CPU.Build.0 = Release|Any CPU
	EndGlobalSection
	GlobalSection(SolutionProperties) = preSolution
		HideSolutionNode = FALSE
	EndGlobalSection
	GlobalSection(ExtensibilityGlobals) = postSolution
		SolutionGuid = {09BE0543-01CE-41EC-AD4B-6FD29B03A985}
	EndGlobalSection
EndGlobal
