
Microsoft Visual Studio Solution File, Format Version 12.00
# Visual Studio Version 16
VisualStudioVersion = 16.0.29806.167
MinimumVisualStudioVersion = 10.0.40219.1
Project("{FAE04EC0-301F-11D3-BF4B-00C04F79EFBC}") = "03) Count Lines", "03) Count Lines.csproj", "{FDD2D37B-7F75-4A01-B7E0-40A6048FC174}"
EndProject
Global
	GlobalSection(SolutionConfigurationPlatforms) = preSolution
		Debug|Any CPU = Debug|Any CPU
		Release|Any CPU = Release|Any CPU
	EndGlobalSection
	GlobalSection(ProjectConfigurationPlatforms) = postSolution
		{FDD2D37B-7F75-4A01-B7E0-40A6048FC174}.Debug|Any CPU.ActiveCfg = Debug|Any CPU
		{FDD2D37B-7F75-4A01-B7E0-40A6048FC174}.Debug|Any CPU.Build.0 = Debug|Any CPU
		{FDD2D37B-7F75-4A01-B7E0-40A6048FC174}.Release|Any CPU.ActiveCfg = Release|Any CPU
		{FDD2D37B-7F75-4A01-B7E0-40A6048FC174}.Release|Any CPU.Build.0 = Release|Any CPU
	EndGlobalSection
	GlobalSection(SolutionProperties) = preSolution
		HideSolutionNode = FALSE
	EndGlobalSection
	GlobalSection(ExtensibilityGlobals) = postSolution
		SolutionGuid = {F3BC3E9F-A9C5-4C18-8A9C-1809C93CD452}
	EndGlobalSection
EndGlobal
