
Microsoft Visual Studio Solution File, Format Version 12.00
# Visual Studio Version 16
VisualStudioVersion = 16.0.29613.14
MinimumVisualStudioVersion = 10.0.40219.1
Project("{FAE04EC0-301F-11D3-BF4B-00C04F79EFBC}") = "Sum", "Sum.csproj", "{3948153E-2989-410A-BE8F-1DD60745D5A4}"
EndProject
Global
	GlobalSection(SolutionConfigurationPlatforms) = preSolution
		Debug|Any CPU = Debug|Any CPU
		Release|Any CPU = Release|Any CPU
	EndGlobalSection
	GlobalSection(ProjectConfigurationPlatforms) = postSolution
		{3948153E-2989-410A-BE8F-1DD60745D5A4}.Debug|Any CPU.ActiveCfg = Debug|Any CPU
		{3948153E-2989-410A-BE8F-1DD60745D5A4}.Debug|Any CPU.Build.0 = Debug|Any CPU
		{3948153E-2989-410A-BE8F-1DD60745D5A4}.Release|Any CPU.ActiveCfg = Release|Any CPU
		{3948153E-2989-410A-BE8F-1DD60745D5A4}.Release|Any CPU.Build.0 = Release|Any CPU
	EndGlobalSection
	GlobalSection(SolutionProperties) = preSolution
		HideSolutionNode = FALSE
	EndGlobalSection
	GlobalSection(ExtensibilityGlobals) = postSolution
		SolutionGuid = {375DD920-E864-430C-BA81-33A6F75804F8}
	EndGlobalSection
EndGlobal
