
Microsoft Visual Studio Solution File, Format Version 12.00
# Visual Studio Version 16
VisualStudioVersion = 16.0.29613.14
MinimumVisualStudioVersion = 10.0.40219.1
Project("{FAE04EC0-301F-11D3-BF4B-00C04F79EFBC}") = "8) Fields", "8) Fields.csproj", "{A5C26F48-1C41-4C53-BA74-1BC779B22BD7}"
EndProject
Global
	GlobalSection(SolutionConfigurationPlatforms) = preSolution
		Debug|Any CPU = Debug|Any CPU
		Release|Any CPU = Release|Any CPU
	EndGlobalSection
	GlobalSection(ProjectConfigurationPlatforms) = postSolution
		{A5C26F48-1C41-4C53-BA74-1BC779B22BD7}.Debug|Any CPU.ActiveCfg = Debug|Any CPU
		{A5C26F48-1C41-4C53-BA74-1BC779B22BD7}.Debug|Any CPU.Build.0 = Debug|Any CPU
		{A5C26F48-1C41-4C53-BA74-1BC779B22BD7}.Release|Any CPU.ActiveCfg = Release|Any CPU
		{A5C26F48-1C41-4C53-BA74-1BC779B22BD7}.Release|Any CPU.Build.0 = Release|Any CPU
	EndGlobalSection
	GlobalSection(SolutionProperties) = preSolution
		HideSolutionNode = FALSE
	EndGlobalSection
	GlobalSection(ExtensibilityGlobals) = postSolution
		SolutionGuid = {1F4CFE5B-0CE9-4247-95D7-2B9DF1037D6E}
	EndGlobalSection
EndGlobal
