
Microsoft Visual Studio Solution File, Format Version 12.00
# Visual Studio Version 16
VisualStudioVersion = 16.0.29613.14
MinimumVisualStudioVersion = 10.0.40219.1
Project("{FAE04EC0-301F-11D3-BF4B-00C04F79EFBC}") = "11) Nesting Functions", "11) Nesting Functions.csproj", "{DF4FCB65-BC24-4E9A-B59E-9B18FEA6079E}"
EndProject
Global
	GlobalSection(SolutionConfigurationPlatforms) = preSolution
		Debug|Any CPU = Debug|Any CPU
		Release|Any CPU = Release|Any CPU
	EndGlobalSection
	GlobalSection(ProjectConfigurationPlatforms) = postSolution
		{DF4FCB65-BC24-4E9A-B59E-9B18FEA6079E}.Debug|Any CPU.ActiveCfg = Debug|Any CPU
		{DF4FCB65-BC24-4E9A-B59E-9B18FEA6079E}.Debug|Any CPU.Build.0 = Debug|Any CPU
		{DF4FCB65-BC24-4E9A-B59E-9B18FEA6079E}.Release|Any CPU.ActiveCfg = Release|Any CPU
		{DF4FCB65-BC24-4E9A-B59E-9B18FEA6079E}.Release|Any CPU.Build.0 = Release|Any CPU
	EndGlobalSection
	GlobalSection(SolutionProperties) = preSolution
		HideSolutionNode = FALSE
	EndGlobalSection
	GlobalSection(ExtensibilityGlobals) = postSolution
		SolutionGuid = {8808F93A-A5EF-4D29-9105-424AFC8A6A75}
	EndGlobalSection
EndGlobal
