
Microsoft Visual Studio Solution File, Format Version 12.00
# Visual Studio Version 16
VisualStudioVersion = 16.0.29613.14
MinimumVisualStudioVersion = 10.0.40219.1
Project("{FAE04EC0-301F-11D3-BF4B-00C04F79EFBC}") = "3) If else", "3) If else.csproj", "{F6E46524-8465-4FEE-BF19-3D231B0093FF}"
EndProject
Global
	GlobalSection(SolutionConfigurationPlatforms) = preSolution
		Debug|Any CPU = Debug|Any CPU
		Release|Any CPU = Release|Any CPU
	EndGlobalSection
	GlobalSection(ProjectConfigurationPlatforms) = postSolution
		{F6E46524-8465-4FEE-BF19-3D231B0093FF}.Debug|Any CPU.ActiveCfg = Debug|Any CPU
		{F6E46524-8465-4FEE-BF19-3D231B0093FF}.Debug|Any CPU.Build.0 = Debug|Any CPU
		{F6E46524-8465-4FEE-BF19-3D231B0093FF}.Release|Any CPU.ActiveCfg = Release|Any CPU
		{F6E46524-8465-4FEE-BF19-3D231B0093FF}.Release|Any CPU.Build.0 = Release|Any CPU
	EndGlobalSection
	GlobalSection(SolutionProperties) = preSolution
		HideSolutionNode = FALSE
	EndGlobalSection
	GlobalSection(ExtensibilityGlobals) = postSolution
		SolutionGuid = {4B5A7B13-8DE3-414D-B90E-0353CE823505}
	EndGlobalSection
EndGlobal
