
Microsoft Visual Studio Solution File, Format Version 12.00
# Visual Studio Version 16
VisualStudioVersion = 16.0.29613.14
MinimumVisualStudioVersion = 10.0.40219.1
Project("{FAE04EC0-301F-11D3-BF4B-00C04F79EFBC}") = "6) Do while", "6) Do while.csproj", "{A342629B-920E-4F79-990C-DF048EB7CFD3}"
EndProject
Global
	GlobalSection(SolutionConfigurationPlatforms) = preSolution
		Debug|Any CPU = Debug|Any CPU
		Release|Any CPU = Release|Any CPU
	EndGlobalSection
	GlobalSection(ProjectConfigurationPlatforms) = postSolution
		{A342629B-920E-4F79-990C-DF048EB7CFD3}.Debug|Any CPU.ActiveCfg = Debug|Any CPU
		{A342629B-920E-4F79-990C-DF048EB7CFD3}.Debug|Any CPU.Build.0 = Debug|Any CPU
		{A342629B-920E-4F79-990C-DF048EB7CFD3}.Release|Any CPU.ActiveCfg = Release|Any CPU
		{A342629B-920E-4F79-990C-DF048EB7CFD3}.Release|Any CPU.Build.0 = Release|Any CPU
	EndGlobalSection
	GlobalSection(SolutionProperties) = preSolution
		HideSolutionNode = FALSE
	EndGlobalSection
	GlobalSection(ExtensibilityGlobals) = postSolution
		SolutionGuid = {3AC0ED4C-DA78-49B4-BA32-22DD7998E7CA}
	EndGlobalSection
EndGlobal
