
Microsoft Visual Studio Solution File, Format Version 12.00
# Visual Studio Version 16
VisualStudioVersion = 16.0.29806.167
MinimumVisualStudioVersion = 10.0.40219.1
Project("{FAE04EC0-301F-11D3-BF4B-00C04F79EFBC}") = "05) WriteMultipleLines", "05) WriteMultipleLines.csproj", "{635CDA6F-C37D-4F1F-8596-4D066AE01190}"
EndProject
Global
	GlobalSection(SolutionConfigurationPlatforms) = preSolution
		Debug|Any CPU = Debug|Any CPU
		Release|Any CPU = Release|Any CPU
	EndGlobalSection
	GlobalSection(ProjectConfigurationPlatforms) = postSolution
		{635CDA6F-C37D-4F1F-8596-4D066AE01190}.Debug|Any CPU.ActiveCfg = Debug|Any CPU
		{635CDA6F-C37D-4F1F-8596-4D066AE01190}.Debug|Any CPU.Build.0 = Debug|Any CPU
		{635CDA6F-C37D-4F1F-8596-4D066AE01190}.Release|Any CPU.ActiveCfg = Release|Any CPU
		{635CDA6F-C37D-4F1F-8596-4D066AE01190}.Release|Any CPU.Build.0 = Release|Any CPU
	EndGlobalSection
	GlobalSection(SolutionProperties) = preSolution
		HideSolutionNode = FALSE
	EndGlobalSection
	GlobalSection(ExtensibilityGlobals) = postSolution
		SolutionGuid = {23198EE5-B39F-42EA-BE0D-98618F5E0F0A}
	EndGlobalSection
EndGlobal
