
Microsoft Visual Studio Solution File, Format Version 12.00
# Visual Studio Version 16
VisualStudioVersion = 16.0.29709.97
MinimumVisualStudioVersion = 10.0.40219.1
Project("{FAE04EC0-301F-11D3-BF4B-00C04F79EFBC}") = "12) Reverse", "12) Reverse.csproj", "{F487D174-93EC-48C1-BDA1-845031E4968C}"
EndProject
Global
	GlobalSection(SolutionConfigurationPlatforms) = preSolution
		Debug|Any CPU = Debug|Any CPU
		Release|Any CPU = Release|Any CPU
	EndGlobalSection
	GlobalSection(ProjectConfigurationPlatforms) = postSolution
		{F487D174-93EC-48C1-BDA1-845031E4968C}.Debug|Any CPU.ActiveCfg = Debug|Any CPU
		{F487D174-93EC-48C1-BDA1-845031E4968C}.Debug|Any CPU.Build.0 = Debug|Any CPU
		{F487D174-93EC-48C1-BDA1-845031E4968C}.Release|Any CPU.ActiveCfg = Release|Any CPU
		{F487D174-93EC-48C1-BDA1-845031E4968C}.Release|Any CPU.Build.0 = Release|Any CPU
	EndGlobalSection
	GlobalSection(SolutionProperties) = preSolution
		HideSolutionNode = FALSE
	EndGlobalSection
	GlobalSection(ExtensibilityGlobals) = postSolution
		SolutionGuid = {AE0268F9-5C93-41A9-8B72-78A3FBB0D573}
	EndGlobalSection
EndGlobal
