
Microsoft Visual Studio Solution File, Format Version 12.00
# Visual Studio Version 16
VisualStudioVersion = 16.0.29613.14
MinimumVisualStudioVersion = 10.0.40219.1
Project("{FAE04EC0-301F-11D3-BF4B-00C04F79EFBC}") = "13) Exercises", "13) Exercises.csproj", "{C7265CA2-AF22-4056-A12E-7DB1652DC4DB}"
EndProject
Global
	GlobalSection(SolutionConfigurationPlatforms) = preSolution
		Debug|Any CPU = Debug|Any CPU
		Release|Any CPU = Release|Any CPU
	EndGlobalSection
	GlobalSection(ProjectConfigurationPlatforms) = postSolution
		{C7265CA2-AF22-4056-A12E-7DB1652DC4DB}.Debug|Any CPU.ActiveCfg = Debug|Any CPU
		{C7265CA2-AF22-4056-A12E-7DB1652DC4DB}.Debug|Any CPU.Build.0 = Debug|Any CPU
		{C7265CA2-AF22-4056-A12E-7DB1652DC4DB}.Release|Any CPU.ActiveCfg = Release|Any CPU
		{C7265CA2-AF22-4056-A12E-7DB1652DC4DB}.Release|Any CPU.Build.0 = Release|Any CPU
	EndGlobalSection
	GlobalSection(SolutionProperties) = preSolution
		HideSolutionNode = FALSE
	EndGlobalSection
	GlobalSection(ExtensibilityGlobals) = postSolution
		SolutionGuid = {C69FB334-D13A-4B8A-A858-CBA0206E6726}
	EndGlobalSection
EndGlobal
