
Microsoft Visual Studio Solution File, Format Version 12.00
# Visual Studio Version 16
VisualStudioVersion = 16.0.29709.97
MinimumVisualStudioVersion = 10.0.40219.1
Project("{FAE04EC0-301F-11D3-BF4B-00C04F79EFBC}") = "07) Map Introduction 1", "07) Map Introduction 1.csproj", "{22B8393D-B405-45D6-BEA5-6403667E6507}"
EndProject
Global
	GlobalSection(SolutionConfigurationPlatforms) = preSolution
		Debug|Any CPU = Debug|Any CPU
		Release|Any CPU = Release|Any CPU
	EndGlobalSection
	GlobalSection(ProjectConfigurationPlatforms) = postSolution
		{22B8393D-B405-45D6-BEA5-6403667E6507}.Debug|Any CPU.ActiveCfg = Debug|Any CPU
		{22B8393D-B405-45D6-BEA5-6403667E6507}.Debug|Any CPU.Build.0 = Debug|Any CPU
		{22B8393D-B405-45D6-BEA5-6403667E6507}.Release|Any CPU.ActiveCfg = Release|Any CPU
		{22B8393D-B405-45D6-BEA5-6403667E6507}.Release|Any CPU.Build.0 = Release|Any CPU
	EndGlobalSection
	GlobalSection(SolutionProperties) = preSolution
		HideSolutionNode = FALSE
	EndGlobalSection
	GlobalSection(ExtensibilityGlobals) = postSolution
		SolutionGuid = {64DC29C6-846A-4934-8EBA-7E5EA95381EF}
	EndGlobalSection
EndGlobal
