
Microsoft Visual Studio Solution File, Format Version 12.00
# Visual Studio Version 16
VisualStudioVersion = 16.0.29709.97
MinimumVisualStudioVersion = 10.0.40219.1
Project("{FAE04EC0-301F-11D3-BF4B-00C04F79EFBC}") = "06) List Introduction 1", "06) List Introduction 1.csproj", "{2F548EE7-D9F9-427E-8E2D-43141361D07B}"
EndProject
Global
	GlobalSection(SolutionConfigurationPlatforms) = preSolution
		Debug|Any CPU = Debug|Any CPU
		Release|Any CPU = Release|Any CPU
	EndGlobalSection
	GlobalSection(ProjectConfigurationPlatforms) = postSolution
		{2F548EE7-D9F9-427E-8E2D-43141361D07B}.Debug|Any CPU.ActiveCfg = Debug|Any CPU
		{2F548EE7-D9F9-427E-8E2D-43141361D07B}.Debug|Any CPU.Build.0 = Debug|Any CPU
		{2F548EE7-D9F9-427E-8E2D-43141361D07B}.Release|Any CPU.ActiveCfg = Release|Any CPU
		{2F548EE7-D9F9-427E-8E2D-43141361D07B}.Release|Any CPU.Build.0 = Release|Any CPU
	EndGlobalSection
	GlobalSection(SolutionProperties) = preSolution
		HideSolutionNode = FALSE
	EndGlobalSection
	GlobalSection(ExtensibilityGlobals) = postSolution
		SolutionGuid = {8869EDBC-A732-412B-B90E-6B5F55C42FE0}
	EndGlobalSection
EndGlobal
