
Microsoft Visual Studio Solution File, Format Version 12.00
# Visual Studio Version 16
VisualStudioVersion = 16.0.29613.14
MinimumVisualStudioVersion = 10.0.40219.1
Project("{FAE04EC0-301F-11D3-BF4B-00C04F79EFBC}") = "1) Logical Data Types", "1) Logical Data Types.csproj", "{C0860938-55FA-4D72-B10D-D3786743A0BD}"
EndProject
Global
	GlobalSection(SolutionConfigurationPlatforms) = preSolution
		Debug|Any CPU = Debug|Any CPU
		Release|Any CPU = Release|Any CPU
	EndGlobalSection
	GlobalSection(ProjectConfigurationPlatforms) = postSolution
		{C0860938-55FA-4D72-B10D-D3786743A0BD}.Debug|Any CPU.ActiveCfg = Debug|Any CPU
		{C0860938-55FA-4D72-B10D-D3786743A0BD}.Debug|Any CPU.Build.0 = Debug|Any CPU
		{C0860938-55FA-4D72-B10D-D3786743A0BD}.Release|Any CPU.ActiveCfg = Release|Any CPU
		{C0860938-55FA-4D72-B10D-D3786743A0BD}.Release|Any CPU.Build.0 = Release|Any CPU
	EndGlobalSection
	GlobalSection(SolutionProperties) = preSolution
		HideSolutionNode = FALSE
	EndGlobalSection
	GlobalSection(ExtensibilityGlobals) = postSolution
		SolutionGuid = {FDC8B8CC-A60B-4482-A6AD-0CFB3BA35C08}
	EndGlobalSection
EndGlobal
