
Microsoft Visual Studio Solution File, Format Version 12.00
# Visual Studio Version 16
VisualStudioVersion = 16.0.29728.190
MinimumVisualStudioVersion = 10.0.40219.1
Project("{FAE04EC0-301F-11D3-BF4B-00C04F79EFBC}") = "04) Sharpie", "04) Sharpie.csproj", "{BF58D7AD-B43B-403D-A2BE-C5B568D64717}"
EndProject
Global
	GlobalSection(SolutionConfigurationPlatforms) = preSolution
		Debug|Any CPU = Debug|Any CPU
		Release|Any CPU = Release|Any CPU
	EndGlobalSection
	GlobalSection(ProjectConfigurationPlatforms) = postSolution
		{BF58D7AD-B43B-403D-A2BE-C5B568D64717}.Debug|Any CPU.ActiveCfg = Debug|Any CPU
		{BF58D7AD-B43B-403D-A2BE-C5B568D64717}.Debug|Any CPU.Build.0 = Debug|Any CPU
		{BF58D7AD-B43B-403D-A2BE-C5B568D64717}.Release|Any CPU.ActiveCfg = Release|Any CPU
		{BF58D7AD-B43B-403D-A2BE-C5B568D64717}.Release|Any CPU.Build.0 = Release|Any CPU
	EndGlobalSection
	GlobalSection(SolutionProperties) = preSolution
		HideSolutionNode = FALSE
	EndGlobalSection
	GlobalSection(ExtensibilityGlobals) = postSolution
		SolutionGuid = {D3725CCC-DFA0-4B1F-AFBA-1C5631237709}
	EndGlobalSection
EndGlobal
