
Microsoft Visual Studio Solution File, Format Version 12.00
# Visual Studio Version 16
VisualStudioVersion = 16.0.29709.97
MinimumVisualStudioVersion = 10.0.40219.1
Project("{FAE04EC0-301F-11D3-BF4B-00C04F79EFBC}") = "11) Draw Diamond", "11) Draw Diamond.csproj", "{EFF5743D-EFC9-44BC-B2AC-7EC91E50B8CE}"
EndProject
Global
	GlobalSection(SolutionConfigurationPlatforms) = preSolution
		Debug|Any CPU = Debug|Any CPU
		Release|Any CPU = Release|Any CPU
	EndGlobalSection
	GlobalSection(ProjectConfigurationPlatforms) = postSolution
		{EFF5743D-EFC9-44BC-B2AC-7EC91E50B8CE}.Debug|Any CPU.ActiveCfg = Debug|Any CPU
		{EFF5743D-EFC9-44BC-B2AC-7EC91E50B8CE}.Debug|Any CPU.Build.0 = Debug|Any CPU
		{EFF5743D-EFC9-44BC-B2AC-7EC91E50B8CE}.Release|Any CPU.ActiveCfg = Release|Any CPU
		{EFF5743D-EFC9-44BC-B2AC-7EC91E50B8CE}.Release|Any CPU.Build.0 = Release|Any CPU
	EndGlobalSection
	GlobalSection(SolutionProperties) = preSolution
		HideSolutionNode = FALSE
	EndGlobalSection
	GlobalSection(ExtensibilityGlobals) = postSolution
		SolutionGuid = {A85C9B5A-6385-4550-AD56-70984481E6AA}
	EndGlobalSection
EndGlobal
