
Microsoft Visual Studio Solution File, Format Version 12.00
# Visual Studio Version 16
VisualStudioVersion = 16.0.29709.97
MinimumVisualStudioVersion = 10.0.40219.1
Project("{9A19103F-16F7-4668-BE54-9A1E7A4F7556}") = "14) Draw Diamond", "14) Draw Diamond.csproj", "{FEAD3DC1-7155-4C03-9F8D-E44B12B8B194}"
EndProject
Global
	GlobalSection(SolutionConfigurationPlatforms) = preSolution
		Debug|Any CPU = Debug|Any CPU
		Release|Any CPU = Release|Any CPU
	EndGlobalSection
	GlobalSection(ProjectConfigurationPlatforms) = postSolution
		{FEAD3DC1-7155-4C03-9F8D-E44B12B8B194}.Debug|Any CPU.ActiveCfg = Debug|Any CPU
		{FEAD3DC1-7155-4C03-9F8D-E44B12B8B194}.Debug|Any CPU.Build.0 = Debug|Any CPU
		{FEAD3DC1-7155-4C03-9F8D-E44B12B8B194}.Release|Any CPU.ActiveCfg = Release|Any CPU
		{FEAD3DC1-7155-4C03-9F8D-E44B12B8B194}.Release|Any CPU.Build.0 = Release|Any CPU
	EndGlobalSection
	GlobalSection(SolutionProperties) = preSolution
		HideSolutionNode = FALSE
	EndGlobalSection
	GlobalSection(ExtensibilityGlobals) = postSolution
		SolutionGuid = {42D1D25E-BA86-4FC3-BE6F-2C3CAD1E026C}
	EndGlobalSection
EndGlobal
